// !$*UTF8*$!
{
	archiveVersion = 1;
	classes = {
	};
	objectVersion = 46;
	objects = {

/* Begin PBXBuildFile section */
		0B02C78F1779F06E004F6C4C /* UIKit.framework in Frameworks */ = {isa = PBXBuildFile; fileRef = 0B02C78E1779F06E004F6C4C /* UIKit.framework */; };
		0B02C7911779F06E004F6C4C /* Foundation.framework in Frameworks */ = {isa = PBXBuildFile; fileRef = 0B02C7901779F06E004F6C4C /* Foundation.framework */; };
		0B02C7931779F06E004F6C4C /* CoreGraphics.framework in Frameworks */ = {isa = PBXBuildFile; fileRef = 0B02C7921779F06E004F6C4C /* CoreGraphics.framework */; };
		0B02C7951779F06E004F6C4C /* CoreData.framework in Frameworks */ = {isa = PBXBuildFile; fileRef = 0B02C7941779F06E004F6C4C /* CoreData.framework */; };
		0B02C79B1779F06E004F6C4C /* InfoPlist.strings in Resources */ = {isa = PBXBuildFile; fileRef = 0B02C7991779F06E004F6C4C /* InfoPlist.strings */; };
		0B02C79D1779F06E004F6C4C /* main.m in Sources */ = {isa = PBXBuildFile; fileRef = 0B02C79C1779F06E004F6C4C /* main.m */; };
		0B02C7A11779F06E004F6C4C /* AppDelegate.m in Sources */ = {isa = PBXBuildFile; fileRef = 0B02C7A01779F06E004F6C4C /* AppDelegate.m */; };
		0B02C7A31779F06E004F6C4C /* Default.png in Resources */ = {isa = PBXBuildFile; fileRef = 0B02C7A21779F06E004F6C4C /* Default.png */; };
		0B02C7A51779F06E004F6C4C /* Default@2x.png in Resources */ = {isa = PBXBuildFile; fileRef = 0B02C7A41779F06E004F6C4C /* Default@2x.png */; };
		0B02C7A71779F06E004F6C4C /* Default-568h@2x.png in Resources */ = {isa = PBXBuildFile; fileRef = 0B02C7A61779F06E004F6C4C /* Default-568h@2x.png */; };
		0B02C7AA1779F06E004F6C4C /* gastrozgz.xcdatamodeld in Sources */ = {isa = PBXBuildFile; fileRef = 0B02C7A81779F06E004F6C4C /* gastrozgz.xcdatamodeld */; };
		0B02C7B11779F08E004F6C4C /* gastrozgz.storyboard in Resources */ = {isa = PBXBuildFile; fileRef = 0B02C7B01779F08E004F6C4C /* gastrozgz.storyboard */; };
		0B02C7B31779F1BB004F6C4C /* Icon.png in Resources */ = {isa = PBXBuildFile; fileRef = 0B02C7B21779F1BB004F6C4C /* Icon.png */; };
		0B02C7B51779F1BD004F6C4C /* Icon@2x.png in Resources */ = {isa = PBXBuildFile; fileRef = 0B02C7B41779F1BD004F6C4C /* Icon@2x.png */; };
		0B02C7B81779F1C9004F6C4C /* Icon-Small.png in Resources */ = {isa = PBXBuildFile; fileRef = 0B02C7B61779F1C9004F6C4C /* Icon-Small.png */; };
		0B02C7B91779F1C9004F6C4C /* Icon-Small@2x.png in Resources */ = {isa = PBXBuildFile; fileRef = 0B02C7B71779F1C9004F6C4C /* Icon-Small@2x.png */; };
		0B02C7BC1779F232004F6C4C /* InitialViewController.m in Sources */ = {isa = PBXBuildFile; fileRef = 0B02C7BB1779F232004F6C4C /* InitialViewController.m */; };
		0B02C7BF1779F23A004F6C4C /* SplashViewController.m in Sources */ = {isa = PBXBuildFile; fileRef = 0B02C7BE1779F23A004F6C4C /* SplashViewController.m */; };
		0B02C7C21779F2E2004F6C4C /* SplashSegue.m in Sources */ = {isa = PBXBuildFile; fileRef = 0B02C7C11779F2E2004F6C4C /* SplashSegue.m */; };
		0B02C7CD1779F792004F6C4C /* 48-fork-and-knife.png in Resources */ = {isa = PBXBuildFile; fileRef = 0B02C7C51779F792004F6C4C /* 48-fork-and-knife.png */; };
		0B02C7CE1779F792004F6C4C /* 48-fork-and-knife@2x.png in Resources */ = {isa = PBXBuildFile; fileRef = 0B02C7C61779F792004F6C4C /* 48-fork-and-knife@2x.png */; };
		0B02C7CF1779F792004F6C4C /* 53-house.png in Resources */ = {isa = PBXBuildFile; fileRef = 0B02C7C71779F792004F6C4C /* 53-house.png */; };
		0B02C7D01779F792004F6C4C /* 53-house@2x.png in Resources */ = {isa = PBXBuildFile; fileRef = 0B02C7C81779F792004F6C4C /* 53-house@2x.png */; };
		0B02C7D11779F792004F6C4C /* 73-radar.png in Resources */ = {isa = PBXBuildFile; fileRef = 0B02C7C91779F792004F6C4C /* 73-radar.png */; };
		0B02C7D21779F792004F6C4C /* 73-radar@2x.png in Resources */ = {isa = PBXBuildFile; fileRef = 0B02C7CA1779F792004F6C4C /* 73-radar@2x.png */; };
		0B02C7D31779F792004F6C4C /* 111-user.png in Resources */ = {isa = PBXBuildFile; fileRef = 0B02C7CB1779F792004F6C4C /* 111-user.png */; };
		0B02C7D41779F792004F6C4C /* 111-user@2x.png in Resources */ = {isa = PBXBuildFile; fileRef = 0B02C7CC1779F792004F6C4C /* 111-user@2x.png */; };
		0B02C7D91779F837004F6C4C /* HomeViewController.m in Sources */ = {isa = PBXBuildFile; fileRef = 0B02C7D81779F837004F6C4C /* HomeViewController.m */; };
		0B02C7DC1779F842004F6C4C /* MapViewController.m in Sources */ = {isa = PBXBuildFile; fileRef = 0B02C7DB1779F842004F6C4C /* MapViewController.m */; };
		0B02C7DF1779F85A004F6C4C /* RestaurantsViewController.m in Sources */ = {isa = PBXBuildFile; fileRef = 0B02C7DE1779F85A004F6C4C /* RestaurantsViewController.m */; };
		0B02C7E21779F871004F6C4C /* ContactViewController.m in Sources */ = {isa = PBXBuildFile; fileRef = 0B02C7E11779F871004F6C4C /* ContactViewController.m */; };
		0B4EFD6B177A007600B6B92B /* iTunesArtwork512 in Resources */ = {isa = PBXBuildFile; fileRef = 0B4EFD69177A007600B6B92B /* iTunesArtwork512 */; };
		0B4EFD6C177A007600B6B92B /* iTunesArtwork1024 in Resources */ = {isa = PBXBuildFile; fileRef = 0B4EFD6A177A007600B6B92B /* iTunesArtwork1024 */; };
		0B5D224717B3F55500820BC0 /* ServerURL.m in Sources */ = {isa = PBXBuildFile; fileRef = 0B5D224617B3F55500820BC0 /* ServerURL.m */; };
		0B5D224C17B3FC5000820BC0 /* GZHTTPAPIClient.m in Sources */ = {isa = PBXBuildFile; fileRef = 0B5D224B17B3FC5000820BC0 /* GZHTTPAPIClient.m */; };
		0B5D224F17B3FD9000820BC0 /* Banner.m in Sources */ = {isa = PBXBuildFile; fileRef = 0B5D224E17B3FD9000820BC0 /* Banner.m */; };
		0B67519A177C3BE1009C5F49 /* QuartzCore.framework in Frameworks */ = {isa = PBXBuildFile; fileRef = 0B675199177C3BE1009C5F49 /* QuartzCore.framework */; };
		0B67519D177C4207009C5F49 /* RestaurantDetailViewController.m in Sources */ = {isa = PBXBuildFile; fileRef = 0B67519C177C4207009C5F49 /* RestaurantDetailViewController.m */; };
		0B6BD07617857DF8006BF0C8 /* BannerViewController.m in Sources */ = {isa = PBXBuildFile; fileRef = 0B6BD07517857DF7006BF0C8 /* BannerViewController.m */; };
		0BA48E6E17BAD75900F508D4 /* list_button.png in Resources */ = {isa = PBXBuildFile; fileRef = 0BA48E6D17BAD75900F508D4 /* list_button.png */; };
		0BA48E7117BAD8D300F508D4 /* CatListViewController.m in Sources */ = {isa = PBXBuildFile; fileRef = 0BA48E7017BAD8D300F508D4 /* CatListViewController.m */; };
		0BA48E7317BAECCF00F508D4 /* Social.framework in Frameworks */ = {isa = PBXBuildFile; fileRef = 0BA48E7217BAECCF00F508D4 /* Social.framework */; };
		0BA48E7517BAECD300F508D4 /* Twitter.framework in Frameworks */ = {isa = PBXBuildFile; fileRef = 0BA48E7417BAECD300F508D4 /* Twitter.framework */; };
		0BA4D5BC177CA6E20091146C /* MapKit.framework in Frameworks */ = {isa = PBXBuildFile; fileRef = 0BA4D5BB177CA6E20091146C /* MapKit.framework */; };
		0BAFB9C31792D299003F0419 /* copa.png in Resources */ = {isa = PBXBuildFile; fileRef = 0BAFB9C21792D299003F0419 /* copa.png */; };
		0BAFB9C6179301EF003F0419 /* RestaurantCell.m in Sources */ = {isa = PBXBuildFile; fileRef = 0BAFB9C5179301EF003F0419 /* RestaurantCell.m */; };
		0BAFB9CD17930B97003F0419 /* copa_placeholder.png in Resources */ = {isa = PBXBuildFile; fileRef = 0BAFB9CC17930B97003F0419 /* copa_placeholder.png */; };
		0BAFB9CF179310EE003F0419 /* cellaccessory.png in Resources */ = {isa = PBXBuildFile; fileRef = 0BAFB9CE179310EE003F0419 /* cellaccessory.png */; };
		0BAFB9D11793130D003F0419 /* nav_background.png in Resources */ = {isa = PBXBuildFile; fileRef = 0BAFB9D01793130D003F0419 /* nav_background.png */; };
		0BAFB9D317933D99003F0419 /* purple_button.png in Resources */ = {isa = PBXBuildFile; fileRef = 0BAFB9D217933D99003F0419 /* purple_button.png */; };
		0BBAF18D177A02AC0093F689 /* OSCoreDataSyncEngine.m in Sources */ = {isa = PBXBuildFile; fileRef = 0BBAF18C177A02AC0093F689 /* OSCoreDataSyncEngine.m */; };
		0BBAF192177A03D80093F689 /* OSDatabase.m in Sources */ = {isa = PBXBuildFile; fileRef = 0BBAF191177A03D80093F689 /* OSDatabase.m */; };
		0BBAF195177A03F10093F689 /* NSManagedObject+JSON.m in Sources */ = {isa = PBXBuildFile; fileRef = 0BBAF194177A03F10093F689 /* NSManagedObject+JSON.m */; };
		0BBAF198177A03FE0093F689 /* NSData+Base64.m in Sources */ = {isa = PBXBuildFile; fileRef = 0BBAF197177A03FE0093F689 /* NSData+Base64.m */; };
		0BBAF19A177A04820093F689 /* MobileCoreServices.framework in Frameworks */ = {isa = PBXBuildFile; fileRef = 0BBAF199177A04820093F689 /* MobileCoreServices.framework */; };
		0BBAF19C177A04880093F689 /* SystemConfiguration.framework in Frameworks */ = {isa = PBXBuildFile; fileRef = 0BBAF19B177A04880093F689 /* SystemConfiguration.framework */; };
		0BF06D5C1784BA370078265C /* splash.jpg in Resources */ = {isa = PBXBuildFile; fileRef = 0BF06D5B1784BA370078265C /* splash.jpg */; };
		0BFD071917B5C14C00ED5C95 /* CatEst.m in Sources */ = {isa = PBXBuildFile; fileRef = 0BFD071817B5C14C00ED5C95 /* CatEst.m */; };
		0BFD072217B5C63C00ED5C95 /* Categorias.m in Sources */ = {isa = PBXBuildFile; fileRef = 0BFD072117B5C63C00ED5C95 /* Categorias.m */; };
		0BFD072517B5C63D00ED5C95 /* Establecimientos.m in Sources */ = {isa = PBXBuildFile; fileRef = 0BFD072417B5C63D00ED5C95 /* Establecimientos.m */; };
		AD2C10C22FAE4A3DA56E723E /* libPods.a in Frameworks */ = {isa = PBXBuildFile; fileRef = 2CF4DD9FE30C47F2B7BA0D46 /* libPods.a */; };
/* End PBXBuildFile section */

/* Begin PBXFileReference section */
		0B02C78B1779F06E004F6C4C /* gastrozgz.app */ = {isa = PBXFileReference; explicitFileType = wrapper.application; includeInIndex = 0; path = gastrozgz.app; sourceTree = BUILT_PRODUCTS_DIR; };
		0B02C78E1779F06E004F6C4C /* UIKit.framework */ = {isa = PBXFileReference; lastKnownFileType = wrapper.framework; name = UIKit.framework; path = System/Library/Frameworks/UIKit.framework; sourceTree = SDKROOT; };
		0B02C7901779F06E004F6C4C /* Foundation.framework */ = {isa = PBXFileReference; lastKnownFileType = wrapper.framework; name = Foundation.framework; path = System/Library/Frameworks/Foundation.framework; sourceTree = SDKROOT; };
		0B02C7921779F06E004F6C4C /* CoreGraphics.framework */ = {isa = PBXFileReference; lastKnownFileType = wrapper.framework; name = CoreGraphics.framework; path = System/Library/Frameworks/CoreGraphics.framework; sourceTree = SDKROOT; };
		0B02C7941779F06E004F6C4C /* CoreData.framework */ = {isa = PBXFileReference; lastKnownFileType = wrapper.framework; name = CoreData.framework; path = System/Library/Frameworks/CoreData.framework; sourceTree = SDKROOT; };
		0B02C7981779F06E004F6C4C /* gastrozgz-Info.plist */ = {isa = PBXFileReference; lastKnownFileType = text.plist.xml; path = "gastrozgz-Info.plist"; sourceTree = "<group>"; };
		0B02C79A1779F06E004F6C4C /* en */ = {isa = PBXFileReference; lastKnownFileType = text.plist.strings; name = en; path = en.lproj/InfoPlist.strings; sourceTree = "<group>"; };
		0B02C79C1779F06E004F6C4C /* main.m */ = {isa = PBXFileReference; lastKnownFileType = sourcecode.c.objc; path = main.m; sourceTree = "<group>"; };
		0B02C79E1779F06E004F6C4C /* gastrozgz-Prefix.pch */ = {isa = PBXFileReference; lastKnownFileType = sourcecode.c.h; path = "gastrozgz-Prefix.pch"; sourceTree = "<group>"; };
		0B02C79F1779F06E004F6C4C /* AppDelegate.h */ = {isa = PBXFileReference; lastKnownFileType = sourcecode.c.h; path = AppDelegate.h; sourceTree = "<group>"; };
		0B02C7A01779F06E004F6C4C /* AppDelegate.m */ = {isa = PBXFileReference; lastKnownFileType = sourcecode.c.objc; path = AppDelegate.m; sourceTree = "<group>"; };
		0B02C7A21779F06E004F6C4C /* Default.png */ = {isa = PBXFileReference; lastKnownFileType = image.png; path = Default.png; sourceTree = "<group>"; };
		0B02C7A41779F06E004F6C4C /* Default@2x.png */ = {isa = PBXFileReference; lastKnownFileType = image.png; path = "Default@2x.png"; sourceTree = "<group>"; };
		0B02C7A61779F06E004F6C4C /* Default-568h@2x.png */ = {isa = PBXFileReference; lastKnownFileType = image.png; path = "Default-568h@2x.png"; sourceTree = "<group>"; };
		0B02C7A91779F06E004F6C4C /* gastrozgz.xcdatamodel */ = {isa = PBXFileReference; lastKnownFileType = wrapper.xcdatamodel; path = gastrozgz.xcdatamodel; sourceTree = "<group>"; };
		0B02C7B01779F08E004F6C4C /* gastrozgz.storyboard */ = {isa = PBXFileReference; fileEncoding = 4; lastKnownFileType = file.storyboard; path = gastrozgz.storyboard; sourceTree = "<group>"; };
		0B02C7B21779F1BB004F6C4C /* Icon.png */ = {isa = PBXFileReference; lastKnownFileType = image.png; path = Icon.png; sourceTree = "<group>"; };
		0B02C7B41779F1BD004F6C4C /* Icon@2x.png */ = {isa = PBXFileReference; lastKnownFileType = image.png; path = "Icon@2x.png"; sourceTree = "<group>"; };
		0B02C7B61779F1C9004F6C4C /* Icon-Small.png */ = {isa = PBXFileReference; lastKnownFileType = image.png; name = "Icon-Small.png"; path = "graphic resources/icons/Icon-Small.png"; sourceTree = "<group>"; };
		0B02C7B71779F1C9004F6C4C /* Icon-Small@2x.png */ = {isa = PBXFileReference; lastKnownFileType = image.png; name = "Icon-Small@2x.png"; path = "graphic resources/icons/Icon-Small@2x.png"; sourceTree = "<group>"; };
		0B02C7BA1779F232004F6C4C /* InitialViewController.h */ = {isa = PBXFileReference; fileEncoding = 4; lastKnownFileType = sourcecode.c.h; path = InitialViewController.h; sourceTree = "<group>"; };
		0B02C7BB1779F232004F6C4C /* InitialViewController.m */ = {isa = PBXFileReference; fileEncoding = 4; lastKnownFileType = sourcecode.c.objc; path = InitialViewController.m; sourceTree = "<group>"; };
		0B02C7BD1779F23A004F6C4C /* SplashViewController.h */ = {isa = PBXFileReference; fileEncoding = 4; lastKnownFileType = sourcecode.c.h; path = SplashViewController.h; sourceTree = "<group>"; };
		0B02C7BE1779F23A004F6C4C /* SplashViewController.m */ = {isa = PBXFileReference; fileEncoding = 4; lastKnownFileType = sourcecode.c.objc; path = SplashViewController.m; sourceTree = "<group>"; };
		0B02C7C01779F2E2004F6C4C /* SplashSegue.h */ = {isa = PBXFileReference; fileEncoding = 4; lastKnownFileType = sourcecode.c.h; path = SplashSegue.h; sourceTree = "<group>"; };
		0B02C7C11779F2E2004F6C4C /* SplashSegue.m */ = {isa = PBXFileReference; fileEncoding = 4; lastKnownFileType = sourcecode.c.objc; path = SplashSegue.m; sourceTree = "<group>"; };
		0B02C7C51779F792004F6C4C /* 48-fork-and-knife.png */ = {isa = PBXFileReference; lastKnownFileType = image.png; name = "48-fork-and-knife.png"; path = "tabIcons/48-fork-and-knife.png"; sourceTree = "<group>"; };
		0B02C7C61779F792004F6C4C /* 48-fork-and-knife@2x.png */ = {isa = PBXFileReference; lastKnownFileType = image.png; name = "48-fork-and-knife@2x.png"; path = "tabIcons/48-fork-and-knife@2x.png"; sourceTree = "<group>"; };
		0B02C7C71779F792004F6C4C /* 53-house.png */ = {isa = PBXFileReference; lastKnownFileType = image.png; name = "53-house.png"; path = "tabIcons/53-house.png"; sourceTree = "<group>"; };
		0B02C7C81779F792004F6C4C /* 53-house@2x.png */ = {isa = PBXFileReference; lastKnownFileType = image.png; name = "53-house@2x.png"; path = "tabIcons/53-house@2x.png"; sourceTree = "<group>"; };
		0B02C7C91779F792004F6C4C /* 73-radar.png */ = {isa = PBXFileReference; lastKnownFileType = image.png; name = "73-radar.png"; path = "tabIcons/73-radar.png"; sourceTree = "<group>"; };
		0B02C7CA1779F792004F6C4C /* 73-radar@2x.png */ = {isa = PBXFileReference; lastKnownFileType = image.png; name = "73-radar@2x.png"; path = "tabIcons/73-radar@2x.png"; sourceTree = "<group>"; };
		0B02C7CB1779F792004F6C4C /* 111-user.png */ = {isa = PBXFileReference; lastKnownFileType = image.png; name = "111-user.png"; path = "tabIcons/111-user.png"; sourceTree = "<group>"; };
		0B02C7CC1779F792004F6C4C /* 111-user@2x.png */ = {isa = PBXFileReference; lastKnownFileType = image.png; name = "111-user@2x.png"; path = "tabIcons/111-user@2x.png"; sourceTree = "<group>"; };
		0B02C7D71779F837004F6C4C /* HomeViewController.h */ = {isa = PBXFileReference; fileEncoding = 4; lastKnownFileType = sourcecode.c.h; path = HomeViewController.h; sourceTree = "<group>"; };
		0B02C7D81779F837004F6C4C /* HomeViewController.m */ = {isa = PBXFileReference; fileEncoding = 4; lastKnownFileType = sourcecode.c.objc; path = HomeViewController.m; sourceTree = "<group>"; };
		0B02C7DA1779F842004F6C4C /* MapViewController.h */ = {isa = PBXFileReference; fileEncoding = 4; lastKnownFileType = sourcecode.c.h; path = MapViewController.h; sourceTree = "<group>"; };
		0B02C7DB1779F842004F6C4C /* MapViewController.m */ = {isa = PBXFileReference; fileEncoding = 4; lastKnownFileType = sourcecode.c.objc; path = MapViewController.m; sourceTree = "<group>"; };
		0B02C7DD1779F85A004F6C4C /* RestaurantsViewController.h */ = {isa = PBXFileReference; fileEncoding = 4; lastKnownFileType = sourcecode.c.h; path = RestaurantsViewController.h; sourceTree = "<group>"; };
		0B02C7DE1779F85A004F6C4C /* RestaurantsViewController.m */ = {isa = PBXFileReference; fileEncoding = 4; lastKnownFileType = sourcecode.c.objc; path = RestaurantsViewController.m; sourceTree = "<group>"; };
		0B02C7E01779F871004F6C4C /* ContactViewController.h */ = {isa = PBXFileReference; fileEncoding = 4; lastKnownFileType = sourcecode.c.h; path = ContactViewController.h; sourceTree = "<group>"; };
		0B02C7E11779F871004F6C4C /* ContactViewController.m */ = {isa = PBXFileReference; fileEncoding = 4; lastKnownFileType = sourcecode.c.objc; path = ContactViewController.m; sourceTree = "<group>"; };
		0B4EFD69177A007600B6B92B /* iTunesArtwork512 */ = {isa = PBXFileReference; lastKnownFileType = file; name = iTunesArtwork512; path = "graphic resources/icons/iTunesArtwork512"; sourceTree = "<group>"; };
		0B4EFD6A177A007600B6B92B /* iTunesArtwork1024 */ = {isa = PBXFileReference; lastKnownFileType = file; name = iTunesArtwork1024; path = "graphic resources/icons/iTunesArtwork1024"; sourceTree = "<group>"; };
		0B5D224517B3F55500820BC0 /* ServerURL.h */ = {isa = PBXFileReference; fileEncoding = 4; lastKnownFileType = sourcecode.c.h; path = ServerURL.h; sourceTree = "<group>"; };
		0B5D224617B3F55500820BC0 /* ServerURL.m */ = {isa = PBXFileReference; fileEncoding = 4; lastKnownFileType = sourcecode.c.objc; path = ServerURL.m; sourceTree = "<group>"; };
		0B5D224A17B3FC5000820BC0 /* GZHTTPAPIClient.h */ = {isa = PBXFileReference; fileEncoding = 4; lastKnownFileType = sourcecode.c.h; path = GZHTTPAPIClient.h; sourceTree = "<group>"; };
		0B5D224B17B3FC5000820BC0 /* GZHTTPAPIClient.m */ = {isa = PBXFileReference; fileEncoding = 4; lastKnownFileType = sourcecode.c.objc; path = GZHTTPAPIClient.m; sourceTree = "<group>"; };
		0B5D224D17B3FD9000820BC0 /* Banner.h */ = {isa = PBXFileReference; fileEncoding = 4; lastKnownFileType = sourcecode.c.h; path = Banner.h; sourceTree = "<group>"; };
		0B5D224E17B3FD9000820BC0 /* Banner.m */ = {isa = PBXFileReference; fileEncoding = 4; lastKnownFileType = sourcecode.c.objc; path = Banner.m; sourceTree = "<group>"; };
		0B675199177C3BE1009C5F49 /* QuartzCore.framework */ = {isa = PBXFileReference; lastKnownFileType = wrapper.framework; name = QuartzCore.framework; path = System/Library/Frameworks/QuartzCore.framework; sourceTree = SDKROOT; };
		0B67519B177C4207009C5F49 /* RestaurantDetailViewController.h */ = {isa = PBXFileReference; fileEncoding = 4; lastKnownFileType = sourcecode.c.h; path = RestaurantDetailViewController.h; sourceTree = "<group>"; };
		0B67519C177C4207009C5F49 /* RestaurantDetailViewController.m */ = {isa = PBXFileReference; fileEncoding = 4; lastKnownFileType = sourcecode.c.objc; path = RestaurantDetailViewController.m; sourceTree = "<group>"; };
		0B6BD07417857DF7006BF0C8 /* BannerViewController.h */ = {isa = PBXFileReference; fileEncoding = 4; lastKnownFileType = sourcecode.c.h; path = BannerViewController.h; sourceTree = "<group>"; };
		0B6BD07517857DF7006BF0C8 /* BannerViewController.m */ = {isa = PBXFileReference; fileEncoding = 4; lastKnownFileType = sourcecode.c.objc; path = BannerViewController.m; sourceTree = "<group>"; };
		0BA48E6D17BAD75900F508D4 /* list_button.png */ = {isa = PBXFileReference; lastKnownFileType = image.png; path = list_button.png; sourceTree = "<group>"; };
		0BA48E6F17BAD8D200F508D4 /* CatListViewController.h */ = {isa = PBXFileReference; fileEncoding = 4; lastKnownFileType = sourcecode.c.h; path = CatListViewController.h; sourceTree = "<group>"; };
		0BA48E7017BAD8D300F508D4 /* CatListViewController.m */ = {isa = PBXFileReference; fileEncoding = 4; lastKnownFileType = sourcecode.c.objc; path = CatListViewController.m; sourceTree = "<group>"; };
		0BA48E7217BAECCF00F508D4 /* Social.framework */ = {isa = PBXFileReference; lastKnownFileType = wrapper.framework; name = Social.framework; path = System/Library/Frameworks/Social.framework; sourceTree = SDKROOT; };
		0BA48E7417BAECD300F508D4 /* Twitter.framework */ = {isa = PBXFileReference; lastKnownFileType = wrapper.framework; name = Twitter.framework; path = System/Library/Frameworks/Twitter.framework; sourceTree = SDKROOT; };
		0BA4D5BB177CA6E20091146C /* MapKit.framework */ = {isa = PBXFileReference; lastKnownFileType = wrapper.framework; name = MapKit.framework; path = System/Library/Frameworks/MapKit.framework; sourceTree = SDKROOT; };
		0BAFB9BF1792CEE9003F0419 /* stations_bizi.plist */ = {isa = PBXFileReference; fileEncoding = 4; lastKnownFileType = text.plist.xml; path = stations_bizi.plist; sourceTree = "<group>"; };
		0BAFB9C21792D299003F0419 /* copa.png */ = {isa = PBXFileReference; lastKnownFileType = image.png; path = copa.png; sourceTree = "<group>"; };
		0BAFB9C4179301EF003F0419 /* RestaurantCell.h */ = {isa = PBXFileReference; fileEncoding = 4; lastKnownFileType = sourcecode.c.h; path = RestaurantCell.h; sourceTree = "<group>"; };
		0BAFB9C5179301EF003F0419 /* RestaurantCell.m */ = {isa = PBXFileReference; fileEncoding = 4; lastKnownFileType = sourcecode.c.objc; path = RestaurantCell.m; sourceTree = "<group>"; };
		0BAFB9CC17930B97003F0419 /* copa_placeholder.png */ = {isa = PBXFileReference; lastKnownFileType = image.png; path = copa_placeholder.png; sourceTree = "<group>"; };
		0BAFB9CE179310EE003F0419 /* cellaccessory.png */ = {isa = PBXFileReference; lastKnownFileType = image.png; path = cellaccessory.png; sourceTree = "<group>"; };
		0BAFB9D01793130D003F0419 /* nav_background.png */ = {isa = PBXFileReference; lastKnownFileType = image.png; path = nav_background.png; sourceTree = "<group>"; };
		0BAFB9D217933D99003F0419 /* purple_button.png */ = {isa = PBXFileReference; lastKnownFileType = image.png; path = purple_button.png; sourceTree = "<group>"; };
		0BBAF18B177A02AC0093F689 /* OSCoreDataSyncEngine.h */ = {isa = PBXFileReference; fileEncoding = 4; lastKnownFileType = sourcecode.c.h; path = OSCoreDataSyncEngine.h; sourceTree = "<group>"; };
		0BBAF18C177A02AC0093F689 /* OSCoreDataSyncEngine.m */ = {isa = PBXFileReference; fileEncoding = 4; lastKnownFileType = sourcecode.c.objc; path = OSCoreDataSyncEngine.m; sourceTree = "<group>"; };
		0BBAF18E177A02BD0093F689 /* HTTPAPIClient.h */ = {isa = PBXFileReference; fileEncoding = 4; lastKnownFileType = sourcecode.c.h; path = HTTPAPIClient.h; sourceTree = "<group>"; };
		0BBAF190177A03D80093F689 /* OSDatabase.h */ = {isa = PBXFileReference; fileEncoding = 4; lastKnownFileType = sourcecode.c.h; path = OSDatabase.h; sourceTree = "<group>"; };
		0BBAF191177A03D80093F689 /* OSDatabase.m */ = {isa = PBXFileReference; fileEncoding = 4; lastKnownFileType = sourcecode.c.objc; path = OSDatabase.m; sourceTree = "<group>"; };
		0BBAF193177A03F10093F689 /* NSManagedObject+JSON.h */ = {isa = PBXFileReference; fileEncoding = 4; lastKnownFileType = sourcecode.c.h; path = "NSManagedObject+JSON.h"; sourceTree = "<group>"; };
		0BBAF194177A03F10093F689 /* NSManagedObject+JSON.m */ = {isa = PBXFileReference; fileEncoding = 4; lastKnownFileType = sourcecode.c.objc; path = "NSManagedObject+JSON.m"; sourceTree = "<group>"; };
		0BBAF196177A03FE0093F689 /* NSData+Base64.h */ = {isa = PBXFileReference; fileEncoding = 4; lastKnownFileType = sourcecode.c.h; path = "NSData+Base64.h"; sourceTree = "<group>"; };
		0BBAF197177A03FE0093F689 /* NSData+Base64.m */ = {isa = PBXFileReference; fileEncoding = 4; lastKnownFileType = sourcecode.c.objc; path = "NSData+Base64.m"; sourceTree = "<group>"; };
		0BBAF199177A04820093F689 /* MobileCoreServices.framework */ = {isa = PBXFileReference; lastKnownFileType = wrapper.framework; name = MobileCoreServices.framework; path = System/Library/Frameworks/MobileCoreServices.framework; sourceTree = SDKROOT; };
		0BBAF19B177A04880093F689 /* SystemConfiguration.framework */ = {isa = PBXFileReference; lastKnownFileType = wrapper.framework; name = SystemConfiguration.framework; path = System/Library/Frameworks/SystemConfiguration.framework; sourceTree = SDKROOT; };
		0BF06D5B1784BA370078265C /* splash.jpg */ = {isa = PBXFileReference; lastKnownFileType = image.jpeg; path = splash.jpg; sourceTree = "<group>"; };
		0BFD071717B5C14C00ED5C95 /* CatEst.h */ = {isa = PBXFileReference; fileEncoding = 4; lastKnownFileType = sourcecode.c.h; path = CatEst.h; sourceTree = "<group>"; };
		0BFD071817B5C14C00ED5C95 /* CatEst.m */ = {isa = PBXFileReference; fileEncoding = 4; lastKnownFileType = sourcecode.c.objc; path = CatEst.m; sourceTree = "<group>"; };
		0BFD072017B5C63C00ED5C95 /* Categorias.h */ = {isa = PBXFileReference; fileEncoding = 4; lastKnownFileType = sourcecode.c.h; path = Categorias.h; sourceTree = "<group>"; };
		0BFD072117B5C63C00ED5C95 /* Categorias.m */ = {isa = PBXFileReference; fileEncoding = 4; lastKnownFileType = sourcecode.c.objc; path = Categorias.m; sourceTree = "<group>"; };
		0BFD072317B5C63D00ED5C95 /* Establecimientos.h */ = {isa = PBXFileReference; fileEncoding = 4; lastKnownFileType = sourcecode.c.h; path = Establecimientos.h; sourceTree = "<group>"; };
		0BFD072417B5C63D00ED5C95 /* Establecimientos.m */ = {isa = PBXFileReference; fileEncoding = 4; lastKnownFileType = sourcecode.c.objc; path = Establecimientos.m; sourceTree = "<group>"; };
		2CF4DD9FE30C47F2B7BA0D46 /* libPods.a */ = {isa = PBXFileReference; explicitFileType = archive.ar; includeInIndex = 0; path = libPods.a; sourceTree = BUILT_PRODUCTS_DIR; };
		DE6D242D91524B19A17FCD03 /* Pods.xcconfig */ = {isa = PBXFileReference; includeInIndex = 1; lastKnownFileType = text.xcconfig; name = Pods.xcconfig; path = Pods/Pods.xcconfig; sourceTree = SOURCE_ROOT; };
/* End PBXFileReference section */

/* Begin PBXFrameworksBuildPhase section */
		0B02C7881779F06E004F6C4C /* Frameworks */ = {
			isa = PBXFrameworksBuildPhase;
			buildActionMask = 2147483647;
			files = (
				0BA48E7517BAECD300F508D4 /* Twitter.framework in Frameworks */,
				0BA48E7317BAECCF00F508D4 /* Social.framework in Frameworks */,
				0BA4D5BC177CA6E20091146C /* MapKit.framework in Frameworks */,
				0B67519A177C3BE1009C5F49 /* QuartzCore.framework in Frameworks */,
				0BBAF19C177A04880093F689 /* SystemConfiguration.framework in Frameworks */,
				0BBAF19A177A04820093F689 /* MobileCoreServices.framework in Frameworks */,
				0B02C78F1779F06E004F6C4C /* UIKit.framework in Frameworks */,
				0B02C7911779F06E004F6C4C /* Foundation.framework in Frameworks */,
				0B02C7931779F06E004F6C4C /* CoreGraphics.framework in Frameworks */,
				0B02C7951779F06E004F6C4C /* CoreData.framework in Frameworks */,
				AD2C10C22FAE4A3DA56E723E /* libPods.a in Frameworks */,
			);
			runOnlyForDeploymentPostprocessing = 0;
		};
/* End PBXFrameworksBuildPhase section */

/* Begin PBXGroup section */
		0B02C7821779F06E004F6C4C = {
			isa = PBXGroup;
			children = (
				0B02C7B61779F1C9004F6C4C /* Icon-Small.png */,
				0B02C7B71779F1C9004F6C4C /* Icon-Small@2x.png */,
				0B02C7B41779F1BD004F6C4C /* Icon@2x.png */,
				0B02C7B21779F1BB004F6C4C /* Icon.png */,
				0B4EFD69177A007600B6B92B /* iTunesArtwork512 */,
				0B4EFD6A177A007600B6B92B /* iTunesArtwork1024 */,
				0B02C7961779F06E004F6C4C /* gastrozgz */,
				0B02C78D1779F06E004F6C4C /* Frameworks */,
				0B02C78C1779F06E004F6C4C /* Products */,
				DE6D242D91524B19A17FCD03 /* Pods.xcconfig */,
			);
			sourceTree = "<group>";
		};
		0B02C78C1779F06E004F6C4C /* Products */ = {
			isa = PBXGroup;
			children = (
				0B02C78B1779F06E004F6C4C /* gastrozgz.app */,
			);
			name = Products;
			sourceTree = "<group>";
		};
		0B02C78D1779F06E004F6C4C /* Frameworks */ = {
			isa = PBXGroup;
			children = (
				0BA48E7417BAECD300F508D4 /* Twitter.framework */,
				0BA48E7217BAECCF00F508D4 /* Social.framework */,
				0BA4D5BB177CA6E20091146C /* MapKit.framework */,
				0B675199177C3BE1009C5F49 /* QuartzCore.framework */,
				0BBAF19B177A04880093F689 /* SystemConfiguration.framework */,
				0BBAF199177A04820093F689 /* MobileCoreServices.framework */,
				0B02C78E1779F06E004F6C4C /* UIKit.framework */,
				0B02C7901779F06E004F6C4C /* Foundation.framework */,
				0B02C7921779F06E004F6C4C /* CoreGraphics.framework */,
				0B02C7941779F06E004F6C4C /* CoreData.framework */,
				2CF4DD9FE30C47F2B7BA0D46 /* libPods.a */,
			);
			name = Frameworks;
			sourceTree = "<group>";
		};
		0B02C7961779F06E004F6C4C /* gastrozgz */ = {
			isa = PBXGroup;
			children = (
				0BAFB9BF1792CEE9003F0419 /* stations_bizi.plist */,
				0B02C7D51779F80F004F6C4C /* classes */,
				0B02C7C31779F77D004F6C4C /* resources */,
				0B02C79F1779F06E004F6C4C /* AppDelegate.h */,
				0B02C7A01779F06E004F6C4C /* AppDelegate.m */,
				0B02C7A81779F06E004F6C4C /* gastrozgz.xcdatamodeld */,
				0B02C7971779F06E004F6C4C /* Supporting Files */,
			);
			path = gastrozgz;
			sourceTree = "<group>";
		};
		0B02C7971779F06E004F6C4C /* Supporting Files */ = {
			isa = PBXGroup;
			children = (
				0B02C7981779F06E004F6C4C /* gastrozgz-Info.plist */,
				0B02C7991779F06E004F6C4C /* InfoPlist.strings */,
				0B02C79C1779F06E004F6C4C /* main.m */,
				0B02C79E1779F06E004F6C4C /* gastrozgz-Prefix.pch */,
				0B02C7A21779F06E004F6C4C /* Default.png */,
				0B02C7A41779F06E004F6C4C /* Default@2x.png */,
				0B02C7A61779F06E004F6C4C /* Default-568h@2x.png */,
			);
			name = "Supporting Files";
			sourceTree = "<group>";
		};
		0B02C7C31779F77D004F6C4C /* resources */ = {
			isa = PBXGroup;
			children = (
				0BAFB9C11792D21C003F0419 /* images */,
				0BF06D5B1784BA370078265C /* splash.jpg */,
				0B02C7B01779F08E004F6C4C /* gastrozgz.storyboard */,
				0B02C7C41779F784004F6C4C /* tabicons */,
			);
			name = resources;
			sourceTree = "<group>";
		};
		0B02C7C41779F784004F6C4C /* tabicons */ = {
			isa = PBXGroup;
			children = (
				0B02C7C51779F792004F6C4C /* 48-fork-and-knife.png */,
				0B02C7C61779F792004F6C4C /* 48-fork-and-knife@2x.png */,
				0B02C7C71779F792004F6C4C /* 53-house.png */,
				0B02C7C81779F792004F6C4C /* 53-house@2x.png */,
				0B02C7C91779F792004F6C4C /* 73-radar.png */,
				0B02C7CA1779F792004F6C4C /* 73-radar@2x.png */,
				0B02C7CB1779F792004F6C4C /* 111-user.png */,
				0B02C7CC1779F792004F6C4C /* 111-user@2x.png */,
			);
			name = tabicons;
			sourceTree = "<group>";
		};
		0B02C7D51779F80F004F6C4C /* classes */ = {
			isa = PBXGroup;
			children = (
				0B5D224117B3F47800820BC0 /* banners */,
				0BAFB9C7179301FC003F0419 /* initial controllers */,
				0BBAF18F177A03CA0093F689 /* db */,
				0BBAF18A177A02810093F689 /* sync */,
				0B02C7D61779F81F004F6C4C /* tabcontrollers */,
				0B67519B177C4207009C5F49 /* RestaurantDetailViewController.h */,
				0B67519C177C4207009C5F49 /* RestaurantDetailViewController.m */,
				0B6BD07417857DF7006BF0C8 /* BannerViewController.h */,
				0B6BD07517857DF7006BF0C8 /* BannerViewController.m */,
				0BAFB9C4179301EF003F0419 /* RestaurantCell.h */,
				0BAFB9C5179301EF003F0419 /* RestaurantCell.m */,
				0BA48E6F17BAD8D200F508D4 /* CatListViewController.h */,
				0BA48E7017BAD8D300F508D4 /* CatListViewController.m */,
			);
			name = classes;
			sourceTree = "<group>";
		};
		0B02C7D61779F81F004F6C4C /* tabcontrollers */ = {
			isa = PBXGroup;
			children = (
				0B02C7D71779F837004F6C4C /* HomeViewController.h */,
				0B02C7D81779F837004F6C4C /* HomeViewController.m */,
				0B02C7DA1779F842004F6C4C /* MapViewController.h */,
				0B02C7DB1779F842004F6C4C /* MapViewController.m */,
				0B02C7DD1779F85A004F6C4C /* RestaurantsViewController.h */,
				0B02C7DE1779F85A004F6C4C /* RestaurantsViewController.m */,
				0B02C7E01779F871004F6C4C /* ContactViewController.h */,
				0B02C7E11779F871004F6C4C /* ContactViewController.m */,
			);
			name = tabcontrollers;
			sourceTree = "<group>";
		};
		0B5D224117B3F47800820BC0 /* banners */ = {
			isa = PBXGroup;
			children = (
			);
			name = banners;
			sourceTree = "<group>";
		};
		0B5D225017B44A9B00820BC0 /* data classes */ = {
			isa = PBXGroup;
			children = (
				0B5D224D17B3FD9000820BC0 /* Banner.h */,
				0B5D224E17B3FD9000820BC0 /* Banner.m */,
				0BFD071717B5C14C00ED5C95 /* CatEst.h */,
				0BFD071817B5C14C00ED5C95 /* CatEst.m */,
				0BFD072017B5C63C00ED5C95 /* Categorias.h */,
				0BFD072117B5C63C00ED5C95 /* Categorias.m */,
				0BFD072317B5C63D00ED5C95 /* Establecimientos.h */,
				0BFD072417B5C63D00ED5C95 /* Establecimientos.m */,
			);
			name = "data classes";
			sourceTree = "<group>";
		};
		0BAFB9C11792D21C003F0419 /* images */ = {
			isa = PBXGroup;
			children = (
				0BA48E6D17BAD75900F508D4 /* list_button.png */,
				0BAFB9D217933D99003F0419 /* purple_button.png */,
				0BAFB9CE179310EE003F0419 /* cellaccessory.png */,
				0BAFB9CC17930B97003F0419 /* copa_placeholder.png */,
				0BAFB9C21792D299003F0419 /* copa.png */,
				0BAFB9D01793130D003F0419 /* nav_background.png */,
			);
			name = images;
			sourceTree = "<group>";
		};
		0BAFB9C7179301FC003F0419 /* initial controllers */ = {
			isa = PBXGroup;
			children = (
				0B02C7BA1779F232004F6C4C /* InitialViewController.h */,
				0B02C7BB1779F232004F6C4C /* InitialViewController.m */,
				0B02C7BD1779F23A004F6C4C /* SplashViewController.h */,
				0B02C7BE1779F23A004F6C4C /* SplashViewController.m */,
				0B02C7C01779F2E2004F6C4C /* SplashSegue.h */,
				0B02C7C11779F2E2004F6C4C /* SplashSegue.m */,
			);
			name = "initial controllers";
			sourceTree = "<group>";
		};
		0BBAF18A177A02810093F689 /* sync */ = {
			isa = PBXGroup;
			children = (
				0B5D224A17B3FC5000820BC0 /* GZHTTPAPIClient.h */,
				0B5D224B17B3FC5000820BC0 /* GZHTTPAPIClient.m */,
				0BBAF18E177A02BD0093F689 /* HTTPAPIClient.h */,
				0BBAF18B177A02AC0093F689 /* OSCoreDataSyncEngine.h */,
				0BBAF18C177A02AC0093F689 /* OSCoreDataSyncEngine.m */,
				0B5D224517B3F55500820BC0 /* ServerURL.h */,
				0B5D224617B3F55500820BC0 /* ServerURL.m */,
			);
			name = sync;
			sourceTree = "<group>";
		};
		0BBAF18F177A03CA0093F689 /* db */ = {
			isa = PBXGroup;
			children = (
				0B5D225017B44A9B00820BC0 /* data classes */,
				0BBAF190177A03D80093F689 /* OSDatabase.h */,
				0BBAF191177A03D80093F689 /* OSDatabase.m */,
				0BBAF193177A03F10093F689 /* NSManagedObject+JSON.h */,
				0BBAF194177A03F10093F689 /* NSManagedObject+JSON.m */,
				0BBAF196177A03FE0093F689 /* NSData+Base64.h */,
				0BBAF197177A03FE0093F689 /* NSData+Base64.m */,
			);
			name = db;
			sourceTree = "<group>";
		};
/* End PBXGroup section */

/* Begin PBXNativeTarget section */
		0B02C78A1779F06E004F6C4C /* gastrozgz */ = {
			isa = PBXNativeTarget;
			buildConfigurationList = 0B02C7AD1779F06E004F6C4C /* Build configuration list for PBXNativeTarget "gastrozgz" */;
			buildPhases = (
				E49741CD69EB4CC28E45F37A /* Check Pods Manifest.lock */,
				0B02C7871779F06E004F6C4C /* Sources */,
				0B02C7881779F06E004F6C4C /* Frameworks */,
				0B02C7891779F06E004F6C4C /* Resources */,
				1CD53E945F37431B8331CA0C /* Copy Pods Resources */,
			);
			buildRules = (
			);
			dependencies = (
			);
			name = gastrozgz;
			productName = gatrozgz;
			productReference = 0B02C78B1779F06E004F6C4C /* gastrozgz.app */;
			productType = "com.apple.product-type.application";
		};
/* End PBXNativeTarget section */

/* Begin PBXProject section */
		0B02C7831779F06E004F6C4C /* Project object */ = {
			isa = PBXProject;
			attributes = {
				LastUpgradeCheck = 0460;
				ORGANIZATIONNAME = "Daniel Vela";
			};
			buildConfigurationList = 0B02C7861779F06E004F6C4C /* Build configuration list for PBXProject "gastrozgz" */;
			compatibilityVersion = "Xcode 3.2";
			developmentRegion = English;
			hasScannedForEncodings = 0;
			knownRegions = (
				en,
			);
			mainGroup = 0B02C7821779F06E004F6C4C;
			productRefGroup = 0B02C78C1779F06E004F6C4C /* Products */;
			projectDirPath = "";
			projectRoot = "";
			targets = (
				0B02C78A1779F06E004F6C4C /* gastrozgz */,
			);
		};
/* End PBXProject section */

/* Begin PBXResourcesBuildPhase section */
		0B02C7891779F06E004F6C4C /* Resources */ = {
			isa = PBXResourcesBuildPhase;
			buildActionMask = 2147483647;
			files = (
				0B02C79B1779F06E004F6C4C /* InfoPlist.strings in Resources */,
				0B02C7A31779F06E004F6C4C /* Default.png in Resources */,
				0B02C7A51779F06E004F6C4C /* Default@2x.png in Resources */,
				0B02C7A71779F06E004F6C4C /* Default-568h@2x.png in Resources */,
				0B02C7B11779F08E004F6C4C /* gastrozgz.storyboard in Resources */,
				0B02C7B31779F1BB004F6C4C /* Icon.png in Resources */,
				0B02C7B51779F1BD004F6C4C /* Icon@2x.png in Resources */,
				0B02C7B81779F1C9004F6C4C /* Icon-Small.png in Resources */,
				0B02C7B91779F1C9004F6C4C /* Icon-Small@2x.png in Resources */,
				0B02C7CD1779F792004F6C4C /* 48-fork-and-knife.png in Resources */,
				0B02C7CE1779F792004F6C4C /* 48-fork-and-knife@2x.png in Resources */,
				0B02C7CF1779F792004F6C4C /* 53-house.png in Resources */,
				0B02C7D01779F792004F6C4C /* 53-house@2x.png in Resources */,
				0B02C7D11779F792004F6C4C /* 73-radar.png in Resources */,
				0B02C7D21779F792004F6C4C /* 73-radar@2x.png in Resources */,
				0B02C7D31779F792004F6C4C /* 111-user.png in Resources */,
				0B02C7D41779F792004F6C4C /* 111-user@2x.png in Resources */,
				0B4EFD6B177A007600B6B92B /* iTunesArtwork512 in Resources */,
				0B4EFD6C177A007600B6B92B /* iTunesArtwork1024 in Resources */,
				0BF06D5C1784BA370078265C /* splash.jpg in Resources */,
				0BAFB9C31792D299003F0419 /* copa.png in Resources */,
				0BAFB9CD17930B97003F0419 /* copa_placeholder.png in Resources */,
				0BAFB9CF179310EE003F0419 /* cellaccessory.png in Resources */,
				0BAFB9D11793130D003F0419 /* nav_background.png in Resources */,
				0BAFB9D317933D99003F0419 /* purple_button.png in Resources */,
				0BA48E6E17BAD75900F508D4 /* list_button.png in Resources */,
			);
			runOnlyForDeploymentPostprocessing = 0;
		};
/* End PBXResourcesBuildPhase section */

/* Begin PBXShellScriptBuildPhase section */
		1CD53E945F37431B8331CA0C /* Copy Pods Resources */ = {
			isa = PBXShellScriptBuildPhase;
			buildActionMask = 2147483647;
			files = (
			);
			inputPaths = (
			);
			name = "Copy Pods Resources";
			outputPaths = (
			);
			runOnlyForDeploymentPostprocessing = 0;
			shellPath = /bin/sh;
			shellScript = "\"${SRCROOT}/Pods/Pods-resources.sh\"\n";
		};
		E49741CD69EB4CC28E45F37A /* Check Pods Manifest.lock */ = {
			isa = PBXShellScriptBuildPhase;
			buildActionMask = 2147483647;
			files = (
			);
			inputPaths = (
			);
			name = "Check Pods Manifest.lock";
			outputPaths = (
			);
			runOnlyForDeploymentPostprocessing = 0;
			shellPath = /bin/sh;
			shellScript = "diff \"${PODS_ROOT}/../Podfile.lock\" \"${PODS_ROOT}/Manifest.lock\" > /dev/null\nif [[ $? != 0 ]] ; then\n    cat << EOM\nerror: The sandbox is not in sync with the Podfile.lock. Run 'pod install' or update your CocoaPods installation.\nEOM\n    exit 1\nfi\n";
		};
/* End PBXShellScriptBuildPhase section */

/* Begin PBXSourcesBuildPhase section */
		0B02C7871779F06E004F6C4C /* Sources */ = {
			isa = PBXSourcesBuildPhase;
			buildActionMask = 2147483647;
			files = (
				0B02C79D1779F06E004F6C4C /* main.m in Sources */,
				0B02C7A11779F06E004F6C4C /* AppDelegate.m in Sources */,
				0B02C7AA1779F06E004F6C4C /* gastrozgz.xcdatamodeld in Sources */,
				0B02C7BC1779F232004F6C4C /* InitialViewController.m in Sources */,
				0B02C7BF1779F23A004F6C4C /* SplashViewController.m in Sources */,
				0B02C7C21779F2E2004F6C4C /* SplashSegue.m in Sources */,
				0B02C7D91779F837004F6C4C /* HomeViewController.m in Sources */,
				0B02C7DC1779F842004F6C4C /* MapViewController.m in Sources */,
				0B02C7DF1779F85A004F6C4C /* RestaurantsViewController.m in Sources */,
				0B02C7E21779F871004F6C4C /* ContactViewController.m in Sources */,
				0BBAF18D177A02AC0093F689 /* OSCoreDataSyncEngine.m in Sources */,
				0BBAF192177A03D80093F689 /* OSDatabase.m in Sources */,
				0BBAF195177A03F10093F689 /* NSManagedObject+JSON.m in Sources */,
				0BBAF198177A03FE0093F689 /* NSData+Base64.m in Sources */,
				0B67519D177C4207009C5F49 /* RestaurantDetailViewController.m in Sources */,
				0B6BD07617857DF8006BF0C8 /* BannerViewController.m in Sources */,
				0BAFB9C6179301EF003F0419 /* RestaurantCell.m in Sources */,
				0B5D224717B3F55500820BC0 /* ServerURL.m in Sources */,
				0B5D224C17B3FC5000820BC0 /* GZHTTPAPIClient.m in Sources */,
				0B5D224F17B3FD9000820BC0 /* Banner.m in Sources */,
				0BFD071917B5C14C00ED5C95 /* CatEst.m in Sources */,
				0BFD072217B5C63C00ED5C95 /* Categorias.m in Sources */,
				0BFD072517B5C63D00ED5C95 /* Establecimientos.m in Sources */,
				0BA48E7117BAD8D300F508D4 /* CatListViewController.m in Sources */,
			);
			runOnlyForDeploymentPostprocessing = 0;
		};
/* End PBXSourcesBuildPhase section */

/* Begin PBXVariantGroup section */
		0B02C7991779F06E004F6C4C /* InfoPlist.strings */ = {
			isa = PBXVariantGroup;
			children = (
				0B02C79A1779F06E004F6C4C /* en */,
			);
			name = InfoPlist.strings;
			sourceTree = "<group>";
		};
/* End PBXVariantGroup section */

/* Begin XCBuildConfiguration section */
		0B02C7AB1779F06E004F6C4C /* Debug */ = {
			isa = XCBuildConfiguration;
			buildSettings = {
				ALWAYS_SEARCH_USER_PATHS = NO;
				CLANG_CXX_LANGUAGE_STANDARD = "gnu++0x";
				CLANG_CXX_LIBRARY = "libc++";
				CLANG_ENABLE_OBJC_ARC = YES;
				CLANG_WARN_CONSTANT_CONVERSION = YES;
				CLANG_WARN_EMPTY_BODY = YES;
				CLANG_WARN_ENUM_CONVERSION = YES;
				CLANG_WARN_INT_CONVERSION = YES;
				CLANG_WARN__DUPLICATE_METHOD_MATCH = YES;
				"CODE_SIGN_IDENTITY[sdk=iphoneos*]" = "iPhone Developer";
				COPY_PHASE_STRIP = NO;
				GCC_C_LANGUAGE_STANDARD = gnu99;
				GCC_DYNAMIC_NO_PIC = NO;
				GCC_OPTIMIZATION_LEVEL = 0;
				GCC_PREPROCESSOR_DEFINITIONS = (
					"DEBUG=1",
					"$(inherited)",
				);
				GCC_SYMBOLS_PRIVATE_EXTERN = NO;
				GCC_WARN_ABOUT_RETURN_TYPE = YES;
				GCC_WARN_UNINITIALIZED_AUTOS = YES;
				GCC_WARN_UNUSED_VARIABLE = YES;
				IPHONEOS_DEPLOYMENT_TARGET = 6.1;
				ONLY_ACTIVE_ARCH = YES;
				SDKROOT = iphoneos;
			};
			name = Debug;
		};
		0B02C7AC1779F06E004F6C4C /* Release */ = {
			isa = XCBuildConfiguration;
			buildSettings = {
				ALWAYS_SEARCH_USER_PATHS = NO;
				CLANG_CXX_LANGUAGE_STANDARD = "gnu++0x";
				CLANG_CXX_LIBRARY = "libc++";
				CLANG_ENABLE_OBJC_ARC = YES;
				CLANG_WARN_CONSTANT_CONVERSION = YES;
				CLANG_WARN_EMPTY_BODY = YES;
				CLANG_WARN_ENUM_CONVERSION = YES;
				CLANG_WARN_INT_CONVERSION = YES;
				CLANG_WARN__DUPLICATE_METHOD_MATCH = YES;
				"CODE_SIGN_IDENTITY[sdk=iphoneos*]" = "iPhone Developer";
				COPY_PHASE_STRIP = YES;
				GCC_C_LANGUAGE_STANDARD = gnu99;
				GCC_WARN_ABOUT_RETURN_TYPE = YES;
				GCC_WARN_UNINITIALIZED_AUTOS = YES;
				GCC_WARN_UNUSED_VARIABLE = YES;
				IPHONEOS_DEPLOYMENT_TARGET = 6.1;
				OTHER_CFLAGS = "-DNS_BLOCK_ASSERTIONS=1";
				SDKROOT = iphoneos;
				VALIDATE_PRODUCT = YES;
			};
			name = Release;
		};
		0B02C7AE1779F06E004F6C4C /* Debug */ = {
			isa = XCBuildConfiguration;
			baseConfigurationReference = DE6D242D91524B19A17FCD03 /* Pods.xcconfig */;
			buildSettings = {
				GCC_PRECOMPILE_PREFIX_HEADER = YES;
				GCC_PREFIX_HEADER = "gastrozgz/gastrozgz-Prefix.pch";
				INFOPLIST_FILE = "gastrozgz/gastrozgz-Info.plist";
				IPHONEOS_DEPLOYMENT_TARGET = 5.0;
				PRODUCT_NAME = "$(TARGET_NAME)";
				WRAPPER_EXTENSION = app;
			};
			name = Debug;
		};
		0B02C7AF1779F06E004F6C4C /* Release */ = {
			isa = XCBuildConfiguration;
			baseConfigurationReference = DE6D242D91524B19A17FCD03 /* Pods.xcconfig */;
			buildSettings = {
				"CODE_SIGN_IDENTITY[sdk=iphoneos*]" = "iPhone Distribution: Daniel Vela";
				GCC_PRECOMPILE_PREFIX_HEADER = YES;
				GCC_PREFIX_HEADER = "gastrozgz/gastrozgz-Prefix.pch";
				INFOPLIST_FILE = "gastrozgz/gastrozgz-Info.plist";
				IPHONEOS_DEPLOYMENT_TARGET = 5.0;
				PRODUCT_NAME = "$(TARGET_NAME)";
				"PROVISIONING_PROFILE[sdk=iphoneos*]" = "9AC48F53-6B12-460E-8F2F-D696AEF33981";
				WRAPPER_EXTENSION = app;
			};
			name = Release;
		};
/* End XCBuildConfiguration section */

/* Begin XCConfigurationList section */
		0B02C7861779F06E004F6C4C /* Build configuration list for PBXProject "gastrozgz" */ = {
			isa = XCConfigurationList;
			buildConfigurations = (
				0B02C7AB1779F06E004F6C4C /* Debug */,
				0B02C7AC1779F06E004F6C4C /* Release */,
			);
			defaultConfigurationIsVisible = 0;
			defaultConfigurationName = Release;
		};
		0B02C7AD1779F06E004F6C4C /* Build configuration list for PBXNativeTarget "gastrozgz" */ = {
			isa = XCConfigurationList;
			buildConfigurations = (
				0B02C7AE1779F06E004F6C4C /* Debug */,
				0B02C7AF1779F06E004F6C4C /* Release */,
			);
			defaultConfigurationIsVisible = 0;
			defaultConfigurationName = Release;
		};
/* End XCConfigurationList section */

/* Begin XCVersionGroup section */
		0B02C7A81779F06E004F6C4C /* gastrozgz.xcdatamodeld */ = {
			isa = XCVersionGroup;
			children = (
				0B02C7A91779F06E004F6C4C /* gastrozgz.xcdatamodel */,
			);
			currentVersion = 0B02C7A91779F06E004F6C4C /* gastrozgz.xcdatamodel */;
			path = gastrozgz.xcdatamodeld;
			sourceTree = "<group>";
			versionGroupType = wrapper.xcdatamodel;
		};
/* End XCVersionGroup section */
	};
	rootObject = 0B02C7831779F06E004F6C4C /* Project object */;
}
